
Microsoft Visual Studio Solution File, Format Version 12.00
# Visual Studio Version 16
VisualStudioVersion = 16.0.29020.237
MinimumVisualStudioVersion = 10.0.40219.1
Project("{FAE04EC0-301F-11D3-BF4B-00C04F79EFBC}") = "CustomFileOpenSave", "CustomFileOpenSave.csproj", "{EE8EC42D-6289-46AC-A319-C766DF0C84B5}"
EndProject
Global
	GlobalSection(SolutionConfigurationPlatforms) = preSolution
		Debug|Any CPU = Debug|Any CPU
		Release|Any CPU = Release|Any CPU
	EndGlobalSection
	GlobalSection(ProjectConfigurationPlatforms) = postSolution
		{EE8EC42D-6289-46AC-A319-C766DF0C84B5}.Debug|Any CPU.ActiveCfg = Debug|Any CPU
		{EE8EC42D-6289-46AC-A319-C766DF0C84B5}.Debug|Any CPU.Build.0 = Debug|Any CPU
		{EE8EC42D-6289-46AC-A319-C766DF0C84B5}.Release|Any CPU.ActiveCfg = Release|Any CPU
		{EE8EC42D-6289-46AC-A319-C766DF0C84B5}.Release|Any CPU.Build.0 = Release|Any CPU
	EndGlobalSection
	GlobalSection(SolutionProperties) = preSolution
		HideSolutionNode = FALSE
	EndGlobalSection
	GlobalSection(ExtensibilityGlobals) = postSolution
		SolutionGuid = {F37F3B6C-FA1F-4BA0-B0B9-1C3D29A586FC}
	EndGlobalSection
EndGlobal
